// !$*UTF8*$!
{
	archiveVersion = 1;
	classes = {
	};
	objectVersion = 56;
	objects = {

/* Begin PBXBuildFile section */
		37802B1D2B1FC99700502598 /* BookSummaryApp.swift in Sources */ = {isa = PBXBuildFile; fileRef = 37802B1C2B1FC99700502598 /* BookSummaryApp.swift */; };
		37802B1F2B1FC99700502598 /* ContentView.swift in Sources */ = {isa = PBXBuildFile; fileRef = 37802B1E2B1FC99700502598 /* ContentView.swift */; };
		37802B212B1FC99900502598 /* Assets.xcassets in Resources */ = {isa = PBXBuildFile; fileRef = 37802B202B1FC99900502598 /* Assets.xcassets */; };
		37802B242B1FC99900502598 /* Preview Assets.xcassets in Resources */ = {isa = PBXBuildFile; fileRef = 37802B232B1FC99900502598 /* Preview Assets.xcassets */; };
		37802B2E2B1FC99900502598 /* BookSummaryTests.swift in Sources */ = {isa = PBXBuildFile; fileRef = 37802B2D2B1FC99900502598 /* BookSummaryTests.swift */; };
		37802B382B1FC99900502598 /* BookSummaryUITests.swift in Sources */ = {isa = PBXBuildFile; fileRef = 37802B372B1FC99900502598 /* BookSummaryUITests.swift */; };
		37802B3A2B1FC99900502598 /* BookSummaryUITestsLaunchTests.swift in Sources */ = {isa = PBXBuildFile; fileRef = 37802B392B1FC99900502598 /* BookSummaryUITestsLaunchTests.swift */; };
/* End PBXBuildFile section */

/* Begin PBXContainerItemProxy section */
		37802B2A2B1FC99900502598 /* PBXContainerItemProxy */ = {
			isa = PBXContainerItemProxy;
			containerPortal = 37802B112B1FC99700502598 /* Project object */;
			proxyType = 1;
			remoteGlobalIDString = 37802B182B1FC99700502598;
			remoteInfo = BookSummary;
		};
		37802B342B1FC99900502598 /* PBXContainerItemProxy */ = {
			isa = PBXContainerItemProxy;
			containerPortal = 37802B112B1FC99700502598 /* Project object */;
			proxyType = 1;
			remoteGlobalIDString = 37802B182B1FC99700502598;
			remoteInfo = BookSummary;
		};
/* End PBXContainerItemProxy section */

/* Begin PBXFileReference section */
		37802B192B1FC99700502598 /* BookSummary.app */ = {isa = PBXFileReference; explicitFileType = wrapper.application; includeInIndex = 0; path = BookSummary.app; sourceTree = BUILT_PRODUCTS_DIR; };
		37802B1C2B1FC99700502598 /* BookSummaryApp.swift */ = {isa = PBXFileReference; lastKnownFileType = sourcecode.swift; path = BookSummaryApp.swift; sourceTree = "<group>"; };
		37802B1E2B1FC99700502598 /* ContentView.swift */ = {isa = PBXFileReference; lastKnownFileType = sourcecode.swift; path = ContentView.swift; sourceTree = "<group>"; };
		37802B202B1FC99900502598 /* Assets.xcassets */ = {isa = PBXFileReference; lastKnownFileType = folder.assetcatalog; path = Assets.xcassets; sourceTree = "<group>"; };
		37802B232B1FC99900502598 /* Preview Assets.xcassets */ = {isa = PBXFileReference; lastKnownFileType = folder.assetcatalog; path = "Preview Assets.xcassets"; sourceTree = "<group>"; };
		37802B292B1FC99900502598 /* BookSummaryTests.xctest */ = {isa = PBXFileReference; explicitFileType = wrapper.cfbundle; includeInIndex = 0; path = BookSummaryTests.xctest; sourceTree = BUILT_PRODUCTS_DIR; };
		37802B2D2B1FC99900502598 /* BookSummaryTests.swift */ = {isa = PBXFileReference; lastKnownFileType = sourcecode.swift; path = BookSummaryTests.swift; sourceTree = "<group>"; };
		37802B332B1FC99900502598 /* BookSummaryUITests.xctest */ = {isa = PBXFileReference; explicitFileType = wrapper.cfbundle; includeInIndex = 0; path = BookSummaryUITests.xctest; sourceTree = BUILT_PRODUCTS_DIR; };
		37802B372B1FC99900502598 /* BookSummaryUITests.swift */ = {isa = PBXFileReference; lastKnownFileType = sourcecode.swift; path = BookSummaryUITests.swift; sourceTree = "<group>"; };
		37802B392B1FC99900502598 /* BookSummaryUITestsLaunchTests.swift */ = {isa = PBXFileReference; lastKnownFileType = sourcecode.swift; path = BookSummaryUITestsLaunchTests.swift; sourceTree = "<group>"; };
/* End PBXFileReference section */

/* Begin PBXFrameworksBuildPhase section */
		37802B162B1FC99700502598 /* Frameworks */ = {
			isa = PBXFrameworksBuildPhase;
			buildActionMask = 2147483647;
			files = (
			);
			runOnlyForDeploymentPostprocessing = 0;
		};
		37802B262B1FC99900502598 /* Frameworks */ = {
			isa = PBXFrameworksBuildPhase;
			buildActionMask = 2147483647;
			files = (
			);
			runOnlyForDeploymentPostprocessing = 0;
		};
		37802B302B1FC99900502598 /* Frameworks */ = {
			isa = PBXFrameworksBuildPhase;
			buildActionMask = 2147483647;
			files = (
			);
			runOnlyForDeploymentPostprocessing = 0;
		};
/* End PBXFrameworksBuildPhase section */

/* Begin PBXGroup section */
		37802B102B1FC99700502598 = {
			isa = PBXGroup;
			children = (
				37802B1B2B1FC99700502598 /* BookSummary */,
				37802B2C2B1FC99900502598 /* BookSummaryTests */,
				37802B362B1FC99900502598 /* BookSummaryUITests */,
				37802B1A2B1FC99700502598 /* Products */,
			);
			sourceTree = "<group>";
		};
		37802B1A2B1FC99700502598 /* Products */ = {
			isa = PBXGroup;
			children = (
				37802B192B1FC99700502598 /* BookSummary.app */,
				37802B292B1FC99900502598 /* BookSummaryTests.xctest */,
				37802B332B1FC99900502598 /* BookSummaryUITests.xctest */,
			);
			name = Products;
			sourceTree = "<group>";
		};
		37802B1B2B1FC99700502598 /* BookSummary */ = {
			isa = PBXGroup;
			children = (
				37802B1C2B1FC99700502598 /* BookSummaryApp.swift */,
				37802B1E2B1FC99700502598 /* ContentView.swift */,
				37802B202B1FC99900502598 /* Assets.xcassets */,
				37802B222B1FC99900502598 /* Preview Content */,
			);
			path = BookSummary;
			sourceTree = "<group>";
		};
		37802B222B1FC99900502598 /* Preview Content */ = {
			isa = PBXGroup;
			children = (
				37802B232B1FC99900502598 /* Preview Assets.xcassets */,
			);
			path = "Preview Content";
			sourceTree = "<group>";
		};
		37802B2C2B1FC99900502598 /* BookSummaryTests */ = {
			isa = PBXGroup;
			children = (
				37802B2D2B1FC99900502598 /* BookSummaryTests.swift */,
			);
			path = BookSummaryTests;
			sourceTree = "<group>";
		};
		37802B362B1FC99900502598 /* BookSummaryUITests */ = {
			isa = PBXGroup;
			children = (
				37802B372B1FC99900502598 /* BookSummaryUITests.swift */,
				37802B392B1FC99900502598 /* BookSummaryUITestsLaunchTests.swift */,
			);
			path = BookSummaryUITests;
			sourceTree = "<group>";
		};
/* End PBXGroup section */

/* Begin PBXNativeTarget section */
		37802B182B1FC99700502598 /* BookSummary */ = {
			isa = PBXNativeTarget;
			buildConfigurationList = 37802B3D2B1FC99900502598 /* Build configuration list for PBXNativeTarget "BookSummary" */;
			buildPhases = (
				37802B152B1FC99700502598 /* Sources */,
				37802B162B1FC99700502598 /* Frameworks */,
				37802B172B1FC99700502598 /* Resources */,
			);
			buildRules = (
			);
			dependencies = (
			);
			name = BookSummary;
			productName = BookSummary;
			productReference = 37802B192B1FC99700502598 /* BookSummary.app */;
			productType = "com.apple.product-type.application";
		};
		37802B282B1FC99900502598 /* BookSummaryTests */ = {
			isa = PBXNativeTarget;
			buildConfigurationList = 37802B402B1FC99900502598 /* Build configuration list for PBXNativeTarget "BookSummaryTests" */;
			buildPhases = (
				37802B252B1FC99900502598 /* Sources */,
				37802B262B1FC99900502598 /* Frameworks */,
				37802B272B1FC99900502598 /* Resources */,
			);
			buildRules = (
			);
			dependencies = (
				37802B2B2B1FC99900502598 /* PBXTargetDependency */,
			);
			name = BookSummaryTests;
			productName = BookSummaryTests;
			productReference = 37802B292B1FC99900502598 /* BookSummaryTests.xctest */;
			productType = "com.apple.product-type.bundle.unit-test";
		};
		37802B322B1FC99900502598 /* BookSummaryUITests */ = {
			isa = PBXNativeTarget;
			buildConfigurationList = 37802B432B1FC99900502598 /* Build configuration list for PBXNativeTarget "BookSummaryUITests" */;
			buildPhases = (
				37802B2F2B1FC99900502598 /* Sources */,
				37802B302B1FC99900502598 /* Frameworks */,
				37802B312B1FC99900502598 /* Resources */,
			);
			buildRules = (
			);
			dependencies = (
				37802B352B1FC99900502598 /* PBXTargetDependency */,
			);
			name = BookSummaryUITests;
			productName = BookSummaryUITests;
			productReference = 37802B332B1FC99900502598 /* BookSummaryUITests.xctest */;
			productType = "com.apple.product-type.bundle.ui-testing";
		};
/* End PBXNativeTarget section */

/* Begin PBXProject section */
		37802B112B1FC99700502598 /* Project object */ = {
			isa = PBXProject;
			attributes = {
				BuildIndependentTargetsInParallel = 1;
				LastSwiftUpdateCheck = 1500;
				LastUpgradeCheck = 1500;
				TargetAttributes = {
					37802B182B1FC99700502598 = {
						CreatedOnToolsVersion = 15.0;
					};
					37802B282B1FC99900502598 = {
						CreatedOnToolsVersion = 15.0;
						TestTargetID = 37802B182B1FC99700502598;
					};
					37802B322B1FC99900502598 = {
						CreatedOnToolsVersion = 15.0;
						TestTargetID = 37802B182B1FC99700502598;
					};
				};
			};
			buildConfigurationList = 37802B142B1FC99700502598 /* Build configuration list for PBXProject "BookSummary" */;
			compatibilityVersion = "Xcode 14.0";
			developmentRegion = en;
			hasScannedForEncodings = 0;
			knownRegions = (
				en,
				Base,
			);
			mainGroup = 37802B102B1FC99700502598;
			productRefGroup = 37802B1A2B1FC99700502598 /* Products */;
			projectDirPath = "";
			projectRoot = "";
			targets = (
				37802B182B1FC99700502598 /* BookSummary */,
				37802B282B1FC99900502598 /* BookSummaryTests */,
				37802B322B1FC99900502598 /* BookSummaryUITests */,
			);
		};
/* End PBXProject section */

/* Begin PBXResourcesBuildPhase section */
		37802B172B1FC99700502598 /* Resources */ = {
			isa = PBXResourcesBuildPhase;
			buildActionMask = 2147483647;
			files = (
				37802B242B1FC99900502598 /* Preview Assets.xcassets in Resources */,
				37802B212B1FC99900502598 /* Assets.xcassets in Resources */,
			);
			runOnlyForDeploymentPostprocessing = 0;
		};
		37802B272B1FC99900502598 /* Resources */ = {
			isa = PBXResourcesBuildPhase;
			buildActionMask = 2147483647;
			files = (
			);
			runOnlyForDeploymentPostprocessing = 0;
		};
		37802B312B1FC99900502598 /* Resources */ = {
			isa = PBXResourcesBuildPhase;
			buildActionMask = 2147483647;
			files = (
			);
			runOnlyForDeploymentPostprocessing = 0;
		};
/* End PBXResourcesBuildPhase section */

/* Begin PBXSourcesBuildPhase section */
		37802B152B1FC99700502598 /* Sources */ = {
			isa = PBXSourcesBuildPhase;
			buildActionMask = 2147483647;
			files = (
				37802B1F2B1FC99700502598 /* ContentView.swift in Sources */,
				37802B1D2B1FC99700502598 /* BookSummaryApp.swift in Sources */,
			);
			runOnlyForDeploymentPostprocessing = 0;
		};
		37802B252B1FC99900502598 /* Sources */ = {
			isa = PBXSourcesBuildPhase;
			buildActionMask = 2147483647;
			files = (
				37802B2E2B1FC99900502598 /* BookSummaryTests.swift in Sources */,
			);
			runOnlyForDeploymentPostprocessing = 0;
		};
		37802B2F2B1FC99900502598 /* Sources */ = {
			isa = PBXSourcesBuildPhase;
			buildActionMask = 2147483647;
			files = (
				37802B3A2B1FC99900502598 /* BookSummaryUITestsLaunchTests.swift in Sources */,
				37802B382B1FC99900502598 /* BookSummaryUITests.swift in Sources */,
			);
			runOnlyForDeploymentPostprocessing = 0;
		};
/* End PBXSourcesBuildPhase section */

/* Begin PBXTargetDependency section */
		37802B2B2B1FC99900502598 /* PBXTargetDependency */ = {
			isa = PBXTargetDependency;
			target = 37802B182B1FC99700502598 /* BookSummary */;
			targetProxy = 37802B2A2B1FC99900502598 /* PBXContainerItemProxy */;
		};
		37802B352B1FC99900502598 /* PBXTargetDependency */ = {
			isa = PBXTargetDependency;
			target = 37802B182B1FC99700502598 /* BookSummary */;
			targetProxy = 37802B342B1FC99900502598 /* PBXContainerItemProxy */;
		};
/* End PBXTargetDependency section */

/* Begin XCBuildConfiguration section */
		37802B3B2B1FC99900502598 /* Debug */ = {
			isa = XCBuildConfiguration;
			buildSettings = {
				ALWAYS_SEARCH_USER_PATHS = NO;
				ASSETCATALOG_COMPILER_GENERATE_SWIFT_ASSET_SYMBOL_EXTENSIONS = YES;
				CLANG_ANALYZER_NONNULL = YES;
				CLANG_ANALYZER_NUMBER_OBJECT_CONVERSION = YES_AGGRESSIVE;
				CLANG_CXX_LANGUAGE_STANDARD = "gnu++20";
				CLANG_ENABLE_MODULES = YES;
				CLANG_ENABLE_OBJC_ARC = YES;
				CLANG_ENABLE_OBJC_WEAK = YES;
				CLANG_WARN_BLOCK_CAPTURE_AUTORELEASING = YES;
				CLANG_WARN_BOOL_CONVERSION = YES;
				CLANG_WARN_COMMA = YES;
				CLANG_WARN_CONSTANT_CONVERSION = YES;
				CLANG_WARN_DEPRECATED_OBJC_IMPLEMENTATIONS = YES;
				CLANG_WARN_DIRECT_OBJC_ISA_USAGE = YES_ERROR;
				CLANG_WARN_DOCUMENTATION_COMMENTS = YES;
				CLANG_WARN_EMPTY_BODY = YES;
				CLANG_WARN_ENUM_CONVERSION = YES;
				CLANG_WARN_INFINITE_RECURSION = YES;
				CLANG_WARN_INT_CONVERSION = YES;
				CLANG_WARN_NON_LITERAL_NULL_CONVERSION = YES;
				CLANG_WARN_OBJC_IMPLICIT_RETAIN_SELF = YES;
				CLANG_WARN_OBJC_LITERAL_CONVERSION = YES;
				CLANG_WARN_OBJC_ROOT_CLASS = YES_ERROR;
				CLANG_WARN_QUOTED_INCLUDE_IN_FRAMEWORK_HEADER = YES;
				CLANG_WARN_RANGE_LOOP_ANALYSIS = YES;
				CLANG_WARN_STRICT_PROTOTYPES = YES;
				CLANG_WARN_SUSPICIOUS_MOVE = YES;
				CLANG_WARN_UNGUARDED_AVAILABILITY = YES_AGGRESSIVE;
				CLANG_WARN_UNREACHABLE_CODE = YES;
				CLANG_WARN__DUPLICATE_METHOD_MATCH = YES;
				COPY_PHASE_STRIP = NO;
				DEBUG_INFORMATION_FORMAT = dwarf;
				ENABLE_STRICT_OBJC_MSGSEND = YES;
				ENABLE_TESTABILITY = YES;
				ENABLE_USER_SCRIPT_SANDBOXING = YES;
				GCC_C_LANGUAGE_STANDARD = gnu17;
				GCC_DYNAMIC_NO_PIC = NO;
				GCC_NO_COMMON_BLOCKS = YES;
				GCC_OPTIMIZATION_LEVEL = 0;
				GCC_PREPROCESSOR_DEFINITIONS = (
					"DEBUG=1",
					"$(inherited)",
				);
				GCC_WARN_64_TO_32_BIT_CONVERSION = YES;
				GCC_WARN_ABOUT_RETURN_TYPE = YES_ERROR;
				GCC_WARN_UNDECLARED_SELECTOR = YES;
				GCC_WARN_UNINITIALIZED_AUTOS = YES_AGGRESSIVE;
				GCC_WARN_UNUSED_FUNCTION = YES;
				GCC_WARN_UNUSED_VARIABLE = YES;
				IPHONEOS_DEPLOYMENT_TARGET = 17.0;
				LOCALIZATION_PREFERS_STRING_CATALOGS = YES;
				MTL_ENABLE_DEBUG_INFO = INCLUDE_SOURCE;
				MTL_FAST_MATH = YES;
				ONLY_ACTIVE_ARCH = YES;
				SDKROOT = iphoneos;
				SWIFT_ACTIVE_COMPILATION_CONDITIONS = "DEBUG $(inherited)";
				SWIFT_OPTIMIZATION_LEVEL = "-Onone";
			};
			name = Debug;
		};
		37802B3C2B1FC99900502598 /* Release */ = {
			isa = XCBuildConfiguration;
			buildSettings = {
				ALWAYS_SEARCH_USER_PATHS = NO;
				ASSETCATALOG_COMPILER_GENERATE_SWIFT_ASSET_SYMBOL_EXTENSIONS = YES;
				CLANG_ANALYZER_NONNULL = YES;
				CLANG_ANALYZER_NUMBER_OBJECT_CONVERSION = YES_AGGRESSIVE;
				CLANG_CXX_LANGUAGE_STANDARD = "gnu++20";
				CLANG_ENABLE_MODULES = YES;
				CLANG_ENABLE_OBJC_ARC = YES;
				CLANG_ENABLE_OBJC_WEAK = YES;
				CLANG_WARN_BLOCK_CAPTURE_AUTORELEASING = YES;
				CLANG_WARN_BOOL_CONVERSION = YES;
				CLANG_WARN_COMMA = YES;
				CLANG_WARN_CONSTANT_CONVERSION = YES;
				CLANG_WARN_DEPRECATED_OBJC_IMPLEMENTATIONS = YES;
				CLANG_WARN_DIRECT_OBJC_ISA_USAGE = YES_ERROR;
				CLANG_WARN_DOCUMENTATION_COMMENTS = YES;
				CLANG_WARN_EMPTY_BODY = YES;
				CLANG_WARN_ENUM_CONVERSION = YES;
				CLANG_WARN_INFINITE_RECURSION = YES;
				CLANG_WARN_INT_CONVERSION = YES;
				CLANG_WARN_NON_LITERAL_NULL_CONVERSION = YES;
				CLANG_WARN_OBJC_IMPLICIT_RETAIN_SELF = YES;
				CLANG_WARN_OBJC_LITERAL_CONVERSION = YES;
				CLANG_WARN_OBJC_ROOT_CLASS = YES_ERROR;
				CLANG_WARN_QUOTED_INCLUDE_IN_FRAMEWORK_HEADER = YES;
				CLANG_WARN_RANGE_LOOP_ANALYSIS = YES;
				CLANG_WARN_STRICT_PROTOTYPES = YES;
				CLANG_WARN_SUSPICIOUS_MOVE = YES;
				CLANG_WARN_UNGUARDED_AVAILABILITY = YES_AGGRESSIVE;
				CLANG_WARN_UNREACHABLE_CODE = YES;
				CLANG_WARN__DUPLICATE_METHOD_MATCH = YES;
				COPY_PHASE_STRIP = NO;
				DEBUG_INFORMATION_FORMAT = "dwarf-with-dsym";
				ENABLE_NS_ASSERTIONS = NO;
				ENABLE_STRICT_OBJC_MSGSEND = YES;
				ENABLE_USER_SCRIPT_SANDBOXING = YES;
				GCC_C_LANGUAGE_STANDARD = gnu17;
				GCC_NO_COMMON_BLOCKS = YES;
				GCC_WARN_64_TO_32_BIT_CONVERSION = YES;
				GCC_WARN_ABOUT_RETURN_TYPE = YES_ERROR;
				GCC_WARN_UNDECLARED_SELECTOR = YES;
				GCC_WARN_UNINITIALIZED_AUTOS = YES_AGGRESSIVE;
				GCC_WARN_UNUSED_FUNCTION = YES;
				GCC_WARN_UNUSED_VARIABLE = YES;
				IPHONEOS_DEPLOYMENT_TARGET = 17.0;
				LOCALIZATION_PREFERS_STRING_CATALOGS = YES;
				MTL_ENABLE_DEBUG_INFO = NO;
				MTL_FAST_MATH = YES;
				SDKROOT = iphoneos;
				SWIFT_COMPILATION_MODE = wholemodule;
				VALIDATE_PRODUCT = YES;
			};
			name = Release;
		};
		37802B3E2B1FC99900502598 /* Debug */ = {
			isa = XCBuildConfiguration;
			buildSettings = {
				ASSETCATALOG_COMPILER_APPICON_NAME = AppIcon;
				ASSETCATALOG_COMPILER_GLOBAL_ACCENT_COLOR_NAME = AccentColor;
				CODE_SIGN_STYLE = Automatic;
				CURRENT_PROJECT_VERSION = 1;
				DEVELOPMENT_ASSET_PATHS = "\"BookSummary/Preview Content\"";
				ENABLE_PREVIEWS = YES;
				GENERATE_INFOPLIST_FILE = YES;
				INFOPLIST_KEY_UIApplicationSceneManifest_Generation = YES;
				INFOPLIST_KEY_UIApplicationSupportsIndirectInputEvents = YES;
				INFOPLIST_KEY_UILaunchScreen_Generation = YES;
				INFOPLIST_KEY_UISupportedInterfaceOrientations_iPad = "UIInterfaceOrientationPortrait UIInterfaceOrientationPortraitUpsideDown UIInterfaceOrientationLandscapeLeft UIInterfaceOrientationLandscapeRight";
				INFOPLIST_KEY_UISupportedInterfaceOrientations_iPhone = "UIInterfaceOrientationPortrait UIInterfaceOrientationLandscapeLeft UIInterfaceOrientationLandscapeRight";
				LD_RUNPATH_SEARCH_PATHS = (
					"$(inherited)",
					"@executable_path/Frameworks",
				);
				MARKETING_VERSION = 1.0;
				PRODUCT_BUNDLE_IDENTIFIER = volodymyr.matiukh.BookSummary;
				PRODUCT_NAME = "$(TARGET_NAME)";
				SWIFT_EMIT_LOC_STRINGS = YES;
				SWIFT_VERSION = 5.0;
				TARGETED_DEVICE_FAMILY = "1,2";
			};
			name = Debug;
		};
		37802B3F2B1FC99900502598 /* Release */ = {
			isa = XCBuildConfiguration;
			buildSettings = {
				ASSETCATALOG_COMPILER_APPICON_NAME = AppIcon;
				ASSETCATALOG_COMPILER_GLOBAL_ACCENT_COLOR_NAME = AccentColor;
				CODE_SIGN_STYLE = Automatic;
				CURRENT_PROJECT_VERSION = 1;
				DEVELOPMENT_ASSET_PATHS = "\"BookSummary/Preview Content\"";
				ENABLE_PREVIEWS = YES;
				GENERATE_INFOPLIST_FILE = YES;
				INFOPLIST_KEY_UIApplicationSceneManifest_Generation = YES;
				INFOPLIST_KEY_UIApplicationSupportsIndirectInputEvents = YES;
				INFOPLIST_KEY_UILaunchScreen_Generation = YES;
				INFOPLIST_KEY_UISupportedInterfaceOrientations_iPad = "UIInterfaceOrientationPortrait UIInterfaceOrientationPortraitUpsideDown UIInterfaceOrientationLandscapeLeft UIInterfaceOrientationLandscapeRight";
				INFOPLIST_KEY_UISupportedInterfaceOrientations_iPhone = "UIInterfaceOrientationPortrait UIInterfaceOrientationLandscapeLeft UIInterfaceOrientationLandscapeRight";
				LD_RUNPATH_SEARCH_PATHS = (
					"$(inherited)",
					"@executable_path/Frameworks",
				);
				MARKETING_VERSION = 1.0;
				PRODUCT_BUNDLE_IDENTIFIER = volodymyr.matiukh.BookSummary;
				PRODUCT_NAME = "$(TARGET_NAME)";
				SWIFT_EMIT_LOC_STRINGS = YES;
				SWIFT_VERSION = 5.0;
				TARGETED_DEVICE_FAMILY = "1,2";
			};
			name = Release;
		};
		37802B412B1FC99900502598 /* Debug */ = {
			isa = XCBuildConfiguration;
			buildSettings = {
				ALWAYS_EMBED_SWIFT_STANDARD_LIBRARIES = YES;
				BUNDLE_LOADER = "$(TEST_HOST)";
				CODE_SIGN_STYLE = Automatic;
				CURRENT_PROJECT_VERSION = 1;
				GENERATE_INFOPLIST_FILE = YES;
				IPHONEOS_DEPLOYMENT_TARGET = 17.0;
				MARKETING_VERSION = 1.0;
				PRODUCT_BUNDLE_IDENTIFIER = volodymyr.matiukh.BookSummaryTests;
				PRODUCT_NAME = "$(TARGET_NAME)";
				SWIFT_EMIT_LOC_STRINGS = NO;
				SWIFT_VERSION = 5.0;
				TARGETED_DEVICE_FAMILY = "1,2";
				TEST_HOST = "$(BUILT_PRODUCTS_DIR)/BookSummary.app/$(BUNDLE_EXECUTABLE_FOLDER_PATH)/BookSummary";
			};
			name = Debug;
		};
		37802B422B1FC99900502598 /* Release */ = {
			isa = XCBuildConfiguration;
			buildSettings = {
				ALWAYS_EMBED_SWIFT_STANDARD_LIBRARIES = YES;
				BUNDLE_LOADER = "$(TEST_HOST)";
				CODE_SIGN_STYLE = Automatic;
				CURRENT_PROJECT_VERSION = 1;
				GENERATE_INFOPLIST_FILE = YES;
				IPHONEOS_DEPLOYMENT_TARGET = 17.0;
				MARKETING_VERSION = 1.0;
				PRODUCT_BUNDLE_IDENTIFIER = volodymyr.matiukh.BookSummaryTests;
				PRODUCT_NAME = "$(TARGET_NAME)";
				SWIFT_EMIT_LOC_STRINGS = NO;
				SWIFT_VERSION = 5.0;
				TARGETED_DEVICE_FAMILY = "1,2";
				TEST_HOST = "$(BUILT_PRODUCTS_DIR)/BookSummary.app/$(BUNDLE_EXECUTABLE_FOLDER_PATH)/BookSummary";
			};
			name = Release;
		};
		37802B442B1FC99900502598 /* Debug */ = {
			isa = XCBuildConfiguration;
			buildSettings = {
				ALWAYS_EMBED_SWIFT_STANDARD_LIBRARIES = YES;
				CODE_SIGN_STYLE = Automatic;
				CURRENT_PROJECT_VERSION = 1;
				GENERATE_INFOPLIST_FILE = YES;
				MARKETING_VERSION = 1.0;
				PRODUCT_BUNDLE_IDENTIFIER = volodymyr.matiukh.BookSummaryUITests;
				PRODUCT_NAME = "$(TARGET_NAME)";
				SWIFT_EMIT_LOC_STRINGS = NO;
				SWIFT_VERSION = 5.0;
				TARGETED_DEVICE_FAMILY = "1,2";
				TEST_TARGET_NAME = BookSummary;
			};
			name = Debug;
		};
		37802B452B1FC99900502598 /* Release */ = {
			isa = XCBuildConfiguration;
			buildSettings = {
				ALWAYS_EMBED_SWIFT_STANDARD_LIBRARIES = YES;
				CODE_SIGN_STYLE = Automatic;
				CURRENT_PROJECT_VERSION = 1;
				GENERATE_INFOPLIST_FILE = YES;
				MARKETING_VERSION = 1.0;
				PRODUCT_BUNDLE_IDENTIFIER = volodymyr.matiukh.BookSummaryUITests;
				PRODUCT_NAME = "$(TARGET_NAME)";
				SWIFT_EMIT_LOC_STRINGS = NO;
				SWIFT_VERSION = 5.0;
				TARGETED_DEVICE_FAMILY = "1,2";
				TEST_TARGET_NAME = BookSummary;
			};
			name = Release;
		};
/* End XCBuildConfiguration section */

/* Begin XCConfigurationList section */
		37802B142B1FC99700502598 /* Build configuration list for PBXProject "BookSummary" */ = {
			isa = XCConfigurationList;
			buildConfigurations = (
				37802B3B2B1FC99900502598 /* Debug */,
				37802B3C2B1FC99900502598 /* Release */,
			);
			defaultConfigurationIsVisible = 0;
			defaultConfigurationName = Release;
		};
		37802B3D2B1FC99900502598 /* Build configuration list for PBXNativeTarget "BookSummary" */ = {
			isa = XCConfigurationList;
			buildConfigurations = (
				37802B3E2B1FC99900502598 /* Debug */,
				37802B3F2B1FC99900502598 /* Release */,
			);
			defaultConfigurationIsVisible = 0;
			defaultConfigurationName = Release;
		};
		37802B402B1FC99900502598 /* Build configuration list for PBXNativeTarget "BookSummaryTests" */ = {
			isa = XCConfigurationList;
			buildConfigurations = (
				37802B412B1FC99900502598 /* Debug */,
				37802B422B1FC99900502598 /* Release */,
			);
			defaultConfigurationIsVisible = 0;
			defaultConfigurationName = Release;
		};
		37802B432B1FC99900502598 /* Build configuration list for PBXNativeTarget "BookSummaryUITests" */ = {
			isa = XCConfigurationList;
			buildConfigurations = (
				37802B442B1FC99900502598 /* Debug */,
				37802B452B1FC99900502598 /* Release */,
			);
			defaultConfigurationIsVisible = 0;
			defaultConfigurationName = Release;
		};
/* End XCConfigurationList section */
	};
	rootObject = 37802B112B1FC99700502598 /* Project object */;
}
